// !$*UTF8*$!
{
	archiveVersion = 1;
	classes = {
	};
	objectVersion = 50;
	objects = {

/* Begin PBXBuildFile section */
		29CA374A221D4B220056CAC4 /* AppDelegate.swift in Sources */ = {isa = PBXBuildFile; fileRef = 29CA3749221D4B220056CAC4 /* AppDelegate.swift */; };
		29CA374C221D4B220056CAC4 /* ViewController.swift in Sources */ = {isa = PBXBuildFile; fileRef = 29CA374B221D4B220056CAC4 /* ViewController.swift */; };
		29CA374F221D4B220056CAC4 /* Main.storyboard in Resources */ = {isa = PBXBuildFile; fileRef = 29CA374D221D4B220056CAC4 /* Main.storyboard */; };
		29CA3751221D4B260056CAC4 /* Assets.xcassets in Resources */ = {isa = PBXBuildFile; fileRef = 29CA3750221D4B260056CAC4 /* Assets.xcassets */; };
		29CA3754221D4B260056CAC4 /* LaunchScreen.storyboard in Resources */ = {isa = PBXBuildFile; fileRef = 29CA3752221D4B260056CAC4 /* LaunchScreen.storyboard */; };
		29CA375F221D4B260056CAC4 /* GCCartTests.swift in Sources */ = {isa = PBXBuildFile; fileRef = 29CA375E221D4B260056CAC4 /* GCCartTests.swift */; };
/* End PBXBuildFile section */

/* Begin PBXContainerItemProxy section */
		29CA375B221D4B260056CAC4 /* PBXContainerItemProxy */ = {
			isa = PBXContainerItemProxy;
			containerPortal = 29CA373E221D4B220056CAC4 /* Project object */;
			proxyType = 1;
			remoteGlobalIDString = 29CA3745221D4B220056CAC4;
			remoteInfo = GCCart;
		};
/* End PBXContainerItemProxy section */

/* Begin PBXFileReference section */
		29CA3746221D4B220056CAC4 /* GCCart.app */ = {isa = PBXFileReference; explicitFileType = wrapper.application; includeInIndex = 0; path = GCCart.app; sourceTree = BUILT_PRODUCTS_DIR; };
		29CA3749221D4B220056CAC4 /* AppDelegate.swift */ = {isa = PBXFileReference; lastKnownFileType = sourcecode.swift; path = AppDelegate.swift; sourceTree = "<group>"; };
		29CA374B221D4B220056CAC4 /* ViewController.swift */ = {isa = PBXFileReference; lastKnownFileType = sourcecode.swift; path = ViewController.swift; sourceTree = "<group>"; };
		29CA374E221D4B220056CAC4 /* Base */ = {isa = PBXFileReference; lastKnownFileType = file.storyboard; name = Base; path = Base.lproj/Main.storyboard; sourceTree = "<group>"; };
		29CA3750221D4B260056CAC4 /* Assets.xcassets */ = {isa = PBXFileReference; lastKnownFileType = folder.assetcatalog; path = Assets.xcassets; sourceTree = "<group>"; };
		29CA3753221D4B260056CAC4 /* Base */ = {isa = PBXFileReference; lastKnownFileType = file.storyboard; name = Base; path = Base.lproj/LaunchScreen.storyboard; sourceTree = "<group>"; };
		29CA3755221D4B260056CAC4 /* Info.plist */ = {isa = PBXFileReference; lastKnownFileType = text.plist.xml; path = Info.plist; sourceTree = "<group>"; };
		29CA375A221D4B260056CAC4 /* GCCartTests.xctest */ = {isa = PBXFileReference; explicitFileType = wrapper.cfbundle; includeInIndex = 0; path = GCCartTests.xctest; sourceTree = BUILT_PRODUCTS_DIR; };
		29CA375E221D4B260056CAC4 /* GCCartTests.swift */ = {isa = PBXFileReference; lastKnownFileType = sourcecode.swift; path = GCCartTests.swift; sourceTree = "<group>"; };
		29CA3760221D4B260056CAC4 /* Info.plist */ = {isa = PBXFileReference; lastKnownFileType = text.plist.xml; path = Info.plist; sourceTree = "<group>"; };
/* End PBXFileReference section */

/* Begin PBXFrameworksBuildPhase section */
		29CA3743221D4B220056CAC4 /* Frameworks */ = {
			isa = PBXFrameworksBuildPhase;
			buildActionMask = 2147483647;
			files = (
			);
			runOnlyForDeploymentPostprocessing = 0;
		};
		29CA3757221D4B260056CAC4 /* Frameworks */ = {
			isa = PBXFrameworksBuildPhase;
			buildActionMask = 2147483647;
			files = (
			);
			runOnlyForDeploymentPostprocessing = 0;
		};
/* End PBXFrameworksBuildPhase section */

/* Begin PBXGroup section */
		29CA373D221D4B220056CAC4 = {
			isa = PBXGroup;
			children = (
				29CA3748221D4B220056CAC4 /* GCCart */,
				29CA375D221D4B260056CAC4 /* GCCartTests */,
				29CA3747221D4B220056CAC4 /* Products */,
			);
			sourceTree = "<group>";
		};
		29CA3747221D4B220056CAC4 /* Products */ = {
			isa = PBXGroup;
			children = (
				29CA3746221D4B220056CAC4 /* GCCart.app */,
				29CA375A221D4B260056CAC4 /* GCCartTests.xctest */,
			);
			name = Products;
			sourceTree = "<group>";
		};
		29CA3748221D4B220056CAC4 /* GCCart */ = {
			isa = PBXGroup;
			children = (
				29CA3749221D4B220056CAC4 /* AppDelegate.swift */,
				29CA374B221D4B220056CAC4 /* ViewController.swift */,
				29CA374D221D4B220056CAC4 /* Main.storyboard */,
				29CA3750221D4B260056CAC4 /* Assets.xcassets */,
				29CA3752221D4B260056CAC4 /* LaunchScreen.storyboard */,
				29CA3755221D4B260056CAC4 /* Info.plist */,
			);
			path = GCCart;
			sourceTree = "<group>";
		};
		29CA375D221D4B260056CAC4 /* GCCartTests */ = {
			isa = PBXGroup;
			children = (
				29CA375E221D4B260056CAC4 /* GCCartTests.swift */,
				29CA3760221D4B260056CAC4 /* Info.plist */,
			);
			path = GCCartTests;
			sourceTree = "<group>";
		};
/* End PBXGroup section */

/* Begin PBXNativeTarget section */
		29CA3745221D4B220056CAC4 /* GCCart */ = {
			isa = PBXNativeTarget;
			buildConfigurationList = 29CA3763221D4B260056CAC4 /* Build configuration list for PBXNativeTarget "GCCart" */;
			buildPhases = (
				29CA3742221D4B220056CAC4 /* Sources */,
				29CA3743221D4B220056CAC4 /* Frameworks */,
				29CA3744221D4B220056CAC4 /* Resources */,
			);
			buildRules = (
			);
			dependencies = (
			);
			name = GCCart;
			productName = GCCart;
			productReference = 29CA3746221D4B220056CAC4 /* GCCart.app */;
			productType = "com.apple.product-type.application";
		};
		29CA3759221D4B260056CAC4 /* GCCartTests */ = {
			isa = PBXNativeTarget;
			buildConfigurationList = 29CA3766221D4B260056CAC4 /* Build configuration list for PBXNativeTarget "GCCartTests" */;
			buildPhases = (
				29CA3756221D4B260056CAC4 /* Sources */,
				29CA3757221D4B260056CAC4 /* Frameworks */,
				29CA3758221D4B260056CAC4 /* Resources */,
			);
			buildRules = (
			);
			dependencies = (
				29CA375C221D4B260056CAC4 /* PBXTargetDependency */,
			);
			name = GCCartTests;
			productName = GCCartTests;
			productReference = 29CA375A221D4B260056CAC4 /* GCCartTests.xctest */;
			productType = "com.apple.product-type.bundle.unit-test";
		};
/* End PBXNativeTarget section */

/* Begin PBXProject section */
		29CA373E221D4B220056CAC4 /* Project object */ = {
			isa = PBXProject;
			attributes = {
				LastSwiftUpdateCheck = 1010;
				LastUpgradeCheck = 1010;
				ORGANIZATIONNAME = "JB Devs";
				TargetAttributes = {
					29CA3745221D4B220056CAC4 = {
						CreatedOnToolsVersion = 10.1;
					};
					29CA3759221D4B260056CAC4 = {
						CreatedOnToolsVersion = 10.1;
						TestTargetID = 29CA3745221D4B220056CAC4;
					};
				};
			};
			buildConfigurationList = 29CA3741221D4B220056CAC4 /* Build configuration list for PBXProject "GCCart" */;
			compatibilityVersion = "Xcode 9.3";
			developmentRegion = en;
			hasScannedForEncodings = 0;
			knownRegions = (
				en,
				Base,
			);
			mainGroup = 29CA373D221D4B220056CAC4;
			productRefGroup = 29CA3747221D4B220056CAC4 /* Products */;
			projectDirPath = "";
			projectRoot = "";
			targets = (
				29CA3745221D4B220056CAC4 /* GCCart */,
				29CA3759221D4B260056CAC4 /* GCCartTests */,
			);
		};
/* End PBXProject section */

/* Begin PBXResourcesBuildPhase section */
		29CA3744221D4B220056CAC4 /* Resources */ = {
			isa = PBXResourcesBuildPhase;
			buildActionMask = 2147483647;
			files = (
				29CA3754221D4B260056CAC4 /* LaunchScreen.storyboard in Resources */,
				29CA3751221D4B260056CAC4 /* Assets.xcassets in Resources */,
				29CA374F221D4B220056CAC4 /* Main.storyboard in Resources */,
			);
			runOnlyForDeploymentPostprocessing = 0;
		};
		29CA3758221D4B260056CAC4 /* Resources */ = {
			isa = PBXResourcesBuildPhase;
			buildActionMask = 2147483647;
			files = (
			);
			runOnlyForDeploymentPostprocessing = 0;
		};
/* End PBXResourcesBuildPhase section */

/* Begin PBXSourcesBuildPhase section */
		29CA3742221D4B220056CAC4 /* Sources */ = {
			isa = PBXSourcesBuildPhase;
			buildActionMask = 2147483647;
			files = (
				29CA374C221D4B220056CAC4 /* ViewController.swift in Sources */,
				29CA374A221D4B220056CAC4 /* AppDelegate.swift in Sources */,
			);
			runOnlyForDeploymentPostprocessing = 0;
		};
		29CA3756221D4B260056CAC4 /* Sources */ = {
			isa = PBXSourcesBuildPhase;
			buildActionMask = 2147483647;
			files = (
				29CA375F221D4B260056CAC4 /* GCCartTests.swift in Sources */,
			);
			runOnlyForDeploymentPostprocessing = 0;
		};
/* End PBXSourcesBuildPhase section */

/* Begin PBXTargetDependency section */
		29CA375C221D4B260056CAC4 /* PBXTargetDependency */ = {
			isa = PBXTargetDependency;
			target = 29CA3745221D4B220056CAC4 /* GCCart */;
			targetProxy = 29CA375B221D4B260056CAC4 /* PBXContainerItemProxy */;
		};
/* End PBXTargetDependency section */

/* Begin PBXVariantGroup section */
		29CA374D221D4B220056CAC4 /* Main.storyboard */ = {
			isa = PBXVariantGroup;
			children = (
				29CA374E221D4B220056CAC4 /* Base */,
			);
			name = Main.storyboard;
			sourceTree = "<group>";
		};
		29CA3752221D4B260056CAC4 /* LaunchScreen.storyboard */ = {
			isa = PBXVariantGroup;
			children = (
				29CA3753221D4B260056CAC4 /* Base */,
			);
			name = LaunchScreen.storyboard;
			sourceTree = "<group>";
		};
/* End PBXVariantGroup section */

/* Begin XCBuildConfiguration section */
		29CA3761221D4B260056CAC4 /* Debug */ = {
			isa = XCBuildConfiguration;
			buildSettings = {
				ALWAYS_SEARCH_USER_PATHS = NO;
				CLANG_ANALYZER_NONNULL = YES;
				CLANG_ANALYZER_NUMBER_OBJECT_CONVERSION = YES_AGGRESSIVE;
				CLANG_CXX_LANGUAGE_STANDARD = "gnu++14";
				CLANG_CXX_LIBRARY = "libc++";
				CLANG_ENABLE_MODULES = YES;
				CLANG_ENABLE_OBJC_ARC = YES;
				CLANG_ENABLE_OBJC_WEAK = YES;
				CLANG_WARN_BLOCK_CAPTURE_AUTORELEASING = YES;
				CLANG_WARN_BOOL_CONVERSION = YES;
				CLANG_WARN_COMMA = YES;
				CLANG_WARN_CONSTANT_CONVERSION = YES;
				CLANG_WARN_DEPRECATED_OBJC_IMPLEMENTATIONS = YES;
				CLANG_WARN_DIRECT_OBJC_ISA_USAGE = YES_ERROR;
				CLANG_WARN_DOCUMENTATION_COMMENTS = YES;
				CLANG_WARN_EMPTY_BODY = YES;
				CLANG_WARN_ENUM_CONVERSION = YES;
				CLANG_WARN_INFINITE_RECURSION = YES;
				CLANG_WARN_INT_CONVERSION = YES;
				CLANG_WARN_NON_LITERAL_NULL_CONVERSION = YES;
				CLANG_WARN_OBJC_IMPLICIT_RETAIN_SELF = YES;
				CLANG_WARN_OBJC_LITERAL_CONVERSION = YES;
				CLANG_WARN_OBJC_ROOT_CLASS = YES_ERROR;
				CLANG_WARN_RANGE_LOOP_ANALYSIS = YES;
				CLANG_WARN_STRICT_PROTOTYPES = YES;
				CLANG_WARN_SUSPICIOUS_MOVE = YES;
				CLANG_WARN_UNGUARDED_AVAILABILITY = YES_AGGRESSIVE;
				CLANG_WARN_UNREACHABLE_CODE = YES;
				CLANG_WARN__DUPLICATE_METHOD_MATCH = YES;
				CODE_SIGN_IDENTITY = "iPhone Developer";
				COPY_PHASE_STRIP = NO;
				DEBUG_INFORMATION_FORMAT = dwarf;
				ENABLE_STRICT_OBJC_MSGSEND = YES;
				ENABLE_TESTABILITY = YES;
				GCC_C_LANGUAGE_STANDARD = gnu11;
				GCC_DYNAMIC_NO_PIC = NO;
				GCC_NO_COMMON_BLOCKS = YES;
				GCC_OPTIMIZATION_LEVEL = 0;
				GCC_PREPROCESSOR_DEFINITIONS = (
					"DEBUG=1",
					"$(inherited)",
				);
				GCC_WARN_64_TO_32_BIT_CONVERSION = YES;
				GCC_WARN_ABOUT_RETURN_TYPE = YES_ERROR;
				GCC_WARN_UNDECLARED_SELECTOR = YES;
				GCC_WARN_UNINITIALIZED_AUTOS = YES_AGGRESSIVE;
				GCC_WARN_UNUSED_FUNCTION = YES;
				GCC_WARN_UNUSED_VARIABLE = YES;
				IPHONEOS_DEPLOYMENT_TARGET = 12.1;
				MTL_ENABLE_DEBUG_INFO = INCLUDE_SOURCE;
				MTL_FAST_MATH = YES;
				ONLY_ACTIVE_ARCH = YES;
				SDKROOT = iphoneos;
				SWIFT_ACTIVE_COMPILATION_CONDITIONS = DEBUG;
				SWIFT_OPTIMIZATION_LEVEL = "-Onone";
			};
			name = Debug;
		};
		29CA3762221D4B260056CAC4 /* Release */ = {
			isa = XCBuildConfiguration;
			buildSettings = {
				ALWAYS_SEARCH_USER_PATHS = NO;
				CLANG_ANALYZER_NONNULL = YES;
				CLANG_ANALYZER_NUMBER_OBJECT_CONVERSION = YES_AGGRESSIVE;
				CLANG_CXX_LANGUAGE_STANDARD = "gnu++14";
				CLANG_CXX_LIBRARY = "libc++";
				CLANG_ENABLE_MODULES = YES;
				CLANG_ENABLE_OBJC_ARC = YES;
				CLANG_ENABLE_OBJC_WEAK = YES;
				CLANG_WARN_BLOCK_CAPTURE_AUTORELEASING = YES;
				CLANG_WARN_BOOL_CONVERSION = YES;
				CLANG_WARN_COMMA = YES;
				CLANG_WARN_CONSTANT_CONVERSION = YES;
				CLANG_WARN_DEPRECATED_OBJC_IMPLEMENTATIONS = YES;
				CLANG_WARN_DIRECT_OBJC_ISA_USAGE = YES_ERROR;
				CLANG_WARN_DOCUMENTATION_COMMENTS = YES;
				CLANG_WARN_EMPTY_BODY = YES;
				CLANG_WARN_ENUM_CONVERSION = YES;
				CLANG_WARN_INFINITE_RECURSION = YES;
				CLANG_WARN_INT_CONVERSION = YES;
				CLANG_WARN_NON_LITERAL_NULL_CONVERSION = YES;
				CLANG_WARN_OBJC_IMPLICIT_RETAIN_SELF = YES;
				CLANG_WARN_OBJC_LITERAL_CONVERSION = YES;
				CLANG_WARN_OBJC_ROOT_CLASS = YES_ERROR;
				CLANG_WARN_RANGE_LOOP_ANALYSIS = YES;
				CLANG_WARN_STRICT_PROTOTYPES = YES;
				CLANG_WARN_SUSPICIOUS_MOVE = YES;
				CLANG_WARN_UNGUARDED_AVAILABILITY = YES_AGGRESSIVE;
				CLANG_WARN_UNREACHABLE_CODE = YES;
				CLANG_WARN__DUPLICATE_METHOD_MATCH = YES;
				CODE_SIGN_IDENTITY = "iPhone Developer";
				COPY_PHASE_STRIP = NO;
				DEBUG_INFORMATION_FORMAT = "dwarf-with-dsym";
				ENABLE_NS_ASSERTIONS = NO;
				ENABLE_STRICT_OBJC_MSGSEND = YES;
				GCC_C_LANGUAGE_STANDARD = gnu11;
				GCC_NO_COMMON_BLOCKS = YES;
				GCC_WARN_64_TO_32_BIT_CONVERSION = YES;
				GCC_WARN_ABOUT_RETURN_TYPE = YES_ERROR;
				GCC_WARN_UNDECLARED_SELECTOR = YES;
				GCC_WARN_UNINITIALIZED_AUTOS = YES_AGGRESSIVE;
				GCC_WARN_UNUSED_FUNCTION = YES;
				GCC_WARN_UNUSED_VARIABLE = YES;
				IPHONEOS_DEPLOYMENT_TARGET = 12.1;
				MTL_ENABLE_DEBUG_INFO = NO;
				MTL_FAST_MATH = YES;
				SDKROOT = iphoneos;
				SWIFT_COMPILATION_MODE = wholemodule;
				SWIFT_OPTIMIZATION_LEVEL = "-O";
				VALIDATE_PRODUCT = YES;
			};
			name = Release;
		};
		29CA3764221D4B260056CAC4 /* Debug */ = {
			isa = XCBuildConfiguration;
			buildSettings = {
				ASSETCATALOG_COMPILER_APPICON_NAME = AppIcon;
				CODE_SIGN_STYLE = Automatic;
				DEVELOPMENT_TEAM = DHKJ6FA7VB;
				INFOPLIST_FILE = GCCart/Info.plist;
				LD_RUNPATH_SEARCH_PATHS = (
					"$(inherited)",
					"@executable_path/Frameworks",
				);
				PRODUCT_BUNDLE_IDENTIFIER = com.JBDevs.GCCart;
				PRODUCT_NAME = "$(TARGET_NAME)";
				SWIFT_VERSION = 4.2;
				TARGETED_DEVICE_FAMILY = "1,2";
			};
			name = Debug;
		};
		29CA3765221D4B260056CAC4 /* Release */ = {
			isa = XCBuildConfiguration;
			buildSettings = {
				ASSETCATALOG_COMPILER_APPICON_NAME = AppIcon;
				CODE_SIGN_STYLE = Automatic;
				DEVELOPMENT_TEAM = DHKJ6FA7VB;
				INFOPLIST_FILE = GCCart/Info.plist;
				LD_RUNPATH_SEARCH_PATHS = (
					"$(inherited)",
					"@executable_path/Frameworks",
				);
				PRODUCT_BUNDLE_IDENTIFIER = com.JBDevs.GCCart;
				PRODUCT_NAME = "$(TARGET_NAME)";
				SWIFT_VERSION = 4.2;
				TARGETED_DEVICE_FAMILY = "1,2";
			};
			name = Release;
		};
		29CA3767221D4B260056CAC4 /* Debug */ = {
			isa = XCBuildConfiguration;
			buildSettings = {
				ALWAYS_EMBED_SWIFT_STANDARD_LIBRARIES = YES;
				BUNDLE_LOADER = "$(TEST_HOST)";
				CODE_SIGN_STYLE = Automatic;
				DEVELOPMENT_TEAM = DHKJ6FA7VB;
				INFOPLIST_FILE = GCCartTests/Info.plist;
				LD_RUNPATH_SEARCH_PATHS = (
					"$(inherited)",
					"@executable_path/Frameworks",
					"@loader_path/Frameworks",
				);
				PRODUCT_BUNDLE_IDENTIFIER = com.JBDevs.GCCartTests;
				PRODUCT_NAME = "$(TARGET_NAME)";
				SWIFT_VERSION = 4.2;
				TARGETED_DEVICE_FAMILY = "1,2";
				TEST_HOST = "$(BUILT_PRODUCTS_DIR)/GCCart.app/GCCart";
			};
			name = Debug;
		};
		29CA3768221D4B260056CAC4 /* Release */ = {
			isa = XCBuildConfiguration;
			buildSettings = {
				ALWAYS_EMBED_SWIFT_STANDARD_LIBRARIES = YES;
				BUNDLE_LOADER = "$(TEST_HOST)";
				CODE_SIGN_STYLE = Automatic;
				DEVELOPMENT_TEAM = DHKJ6FA7VB;
				INFOPLIST_FILE = GCCartTests/Info.plist;
				LD_RUNPATH_SEARCH_PATHS = (
					"$(inherited)",
					"@executable_path/Frameworks",
					"@loader_path/Frameworks",
				);
				PRODUCT_BUNDLE_IDENTIFIER = com.JBDevs.GCCartTests;
				PRODUCT_NAME = "$(TARGET_NAME)";
				SWIFT_VERSION = 4.2;
				TARGETED_DEVICE_FAMILY = "1,2";
				TEST_HOST = "$(BUILT_PRODUCTS_DIR)/GCCart.app/GCCart";
			};
			name = Release;
		};
/* End XCBuildConfiguration section */

/* Begin XCConfigurationList section */
		29CA3741221D4B220056CAC4 /* Build configuration list for PBXProject "GCCart" */ = {
			isa = XCConfigurationList;
			buildConfigurations = (
				29CA3761221D4B260056CAC4 /* Debug */,
				29CA3762221D4B260056CAC4 /* Release */,
			);
			defaultConfigurationIsVisible = 0;
			defaultConfigurationName = Release;
		};
		29CA3763221D4B260056CAC4 /* Build configuration list for PBXNativeTarget "GCCart" */ = {
			isa = XCConfigurationList;
			buildConfigurations = (
				29CA3764221D4B260056CAC4 /* Debug */,
				29CA3765221D4B260056CAC4 /* Release */,
			);
			defaultConfigurationIsVisible = 0;
			defaultConfigurationName = Release;
		};
		29CA3766221D4B260056CAC4 /* Build configuration list for PBXNativeTarget "GCCartTests" */ = {
			isa = XCConfigurationList;
			buildConfigurations = (
				29CA3767221D4B260056CAC4 /* Debug */,
				29CA3768221D4B260056CAC4 /* Release */,
			);
			defaultConfigurationIsVisible = 0;
			defaultConfigurationName = Release;
		};
/* End XCConfigurationList section */
	};
	rootObject = 29CA373E221D4B220056CAC4 /* Project object */;
}
